
Microsoft Visual Studio Solution File, Format Version 12.00
# Visual Studio Version 16
VisualStudioVersion = 16.0.31702.278
MinimumVisualStudioVersion = 10.0.40219.1
Project("{9A19103F-16F7-4668-BE54-9A1E7A4F7556}") = "Basic Calculator", "Week2\Basic Calculator.csproj", "{F81D5697-3590-441B-ABE6-D2684F49DD46}"
EndProject
Global
	GlobalSection(SolutionConfigurationPlatforms) = preSolution
		Debug|Any CPU = Debug|Any CPU
		Release|Any CPU = Release|Any CPU
	EndGlobalSection
	GlobalSection(ProjectConfigurationPlatforms) = postSolution
		{F81D5697-3590-441B-ABE6-D2684F49DD46}.Debug|Any CPU.ActiveCfg = Debug|Any CPU
		{F81D5697-3590-441B-ABE6-D2684F49DD46}.Debug|Any CPU.Build.0 = Debug|Any CPU
		{F81D5697-3590-441B-ABE6-D2684F49DD46}.Release|Any CPU.ActiveCfg = Release|Any CPU
		{F81D5697-3590-441B-ABE6-D2684F49DD46}.Release|Any CPU.Build.0 = Release|Any CPU
	EndGlobalSection
	GlobalSection(SolutionProperties) = preSolution
		HideSolutionNode = FALSE
	EndGlobalSection
	GlobalSection(ExtensibilityGlobals) = postSolution
		SolutionGuid = {2DC3A1AC-8283-4C45-946C-6909533DCBB8}
	EndGlobalSection
EndGlobal
