
Microsoft Visual Studio Solution File, Format Version 12.00
# Visual Studio Version 16
VisualStudioVersion = 16.0.31702.278
MinimumVisualStudioVersion = 10.0.40219.1
Project("{FAE04EC0-301F-11D3-BF4B-00C04F79EFBC}") = "WindowsFormsApp1", "WindowsFormsApp1\WindowsFormsApp1.csproj", "{FDECB999-FA54-4EDD-84E5-967EC523456E}"
EndProject
Global
	GlobalSection(SolutionConfigurationPlatforms) = preSolution
		Debug|Any CPU = Debug|Any CPU
		Release|Any CPU = Release|Any CPU
	EndGlobalSection
	GlobalSection(ProjectConfigurationPlatforms) = postSolution
		{FDECB999-FA54-4EDD-84E5-967EC523456E}.Debug|Any CPU.ActiveCfg = Debug|Any CPU
		{FDECB999-FA54-4EDD-84E5-967EC523456E}.Debug|Any CPU.Build.0 = Debug|Any CPU
		{FDECB999-FA54-4EDD-84E5-967EC523456E}.Release|Any CPU.ActiveCfg = Release|Any CPU
		{FDECB999-FA54-4EDD-84E5-967EC523456E}.Release|Any CPU.Build.0 = Release|Any CPU
	EndGlobalSection
	GlobalSection(SolutionProperties) = preSolution
		HideSolutionNode = FALSE
	EndGlobalSection
	GlobalSection(ExtensibilityGlobals) = postSolution
		SolutionGuid = {256F9110-6975-4E21-8109-26459C200605}
	EndGlobalSection
EndGlobal
