
Microsoft Visual Studio Solution File, Format Version 12.00
# Visual Studio Version 16
VisualStudioVersion = 16.0.31702.278
MinimumVisualStudioVersion = 10.0.40219.1
Project("{FAE04EC0-301F-11D3-BF4B-00C04F79EFBC}") = "FormWorkshop", "FormWorkshop.csproj", "{7110759B-3DB8-4344-AD84-F507EAAF3DEA}"
EndProject
Project("{FAE04EC0-301F-11D3-BF4B-00C04F79EFBC}") = "LoginRegister", "..\LoginRegister\LoginRegister.csproj", "{62584FDF-ED6F-4357-8B2F-FB23D90FDAA4}"
EndProject
Global
	GlobalSection(SolutionConfigurationPlatforms) = preSolution
		Debug|Any CPU = Debug|Any CPU
		Release|Any CPU = Release|Any CPU
	EndGlobalSection
	GlobalSection(ProjectConfigurationPlatforms) = postSolution
		{7110759B-3DB8-4344-AD84-F507EAAF3DEA}.Debug|Any CPU.ActiveCfg = Debug|Any CPU
		{7110759B-3DB8-4344-AD84-F507EAAF3DEA}.Debug|Any CPU.Build.0 = Debug|Any CPU
		{7110759B-3DB8-4344-AD84-F507EAAF3DEA}.Release|Any CPU.ActiveCfg = Release|Any CPU
		{7110759B-3DB8-4344-AD84-F507EAAF3DEA}.Release|Any CPU.Build.0 = Release|Any CPU
		{62584FDF-ED6F-4357-8B2F-FB23D90FDAA4}.Debug|Any CPU.ActiveCfg = Debug|Any CPU
		{62584FDF-ED6F-4357-8B2F-FB23D90FDAA4}.Debug|Any CPU.Build.0 = Debug|Any CPU
		{62584FDF-ED6F-4357-8B2F-FB23D90FDAA4}.Release|Any CPU.ActiveCfg = Release|Any CPU
		{62584FDF-ED6F-4357-8B2F-FB23D90FDAA4}.Release|Any CPU.Build.0 = Release|Any CPU
	EndGlobalSection
	GlobalSection(SolutionProperties) = preSolution
		HideSolutionNode = FALSE
	EndGlobalSection
	GlobalSection(ExtensibilityGlobals) = postSolution
		SolutionGuid = {F26A3849-AE04-453F-9074-D6A28BE2F759}
	EndGlobalSection
EndGlobal
